
Microsoft Visual Studio Solution File, Format Version 12.00
# Visual Studio Version 16
VisualStudioVersion = 16.0.30204.135
MinimumVisualStudioVersion = 10.0.40219.1
Project("{A0786B88-2ADB-4C21-ABE8-AA2D79766269}") = "Pentagon", "..\..\..\..\..\Educational\Internship\Pethkar Systems LLp\PentagonNew\Pentagon\Pentagon\Pentagon.phpproj", "{DBC7BECA-7273-4214-BEC2-CB88E075DF7B}"
EndProject
Global
	GlobalSection(SolutionConfigurationPlatforms) = preSolution
		Debug|Any CPU = Debug|Any CPU
		Release|Any CPU = Release|Any CPU
	EndGlobalSection
	GlobalSection(ProjectConfigurationPlatforms) = postSolution
		{DBC7BECA-7273-4214-BEC2-CB88E075DF7B}.Debug|Any CPU.ActiveCfg = Debug|Any CPU
		{DBC7BECA-7273-4214-BEC2-CB88E075DF7B}.Release|Any CPU.ActiveCfg = Release|Any CPU
	EndGlobalSection
	GlobalSection(SolutionProperties) = preSolution
		HideSolutionNode = FALSE
	EndGlobalSection
	GlobalSection(ExtensibilityGlobals) = postSolution
		SolutionGuid = {9210E989-5818-41A2-B1CA-C08CD5B6F110}
	EndGlobalSection
EndGlobal
